// !$*UTF8*$!
{
	archiveVersion = 1;
	classes = {
	};
	objectVersion = 51;
	objects = {

/* Begin PBXBuildFile section */
		0874DD17662123F9C6F331FD /* Pods_SecretSantaApp.framework in Frameworks */ = {isa = PBXBuildFile; fileRef = F9B87715DB645009E480207F /* Pods_SecretSantaApp.framework */; };
		B70E24422634BE3F008D79BB /* AppDelegate.swift in Sources */ = {isa = PBXBuildFile; fileRef = B70E24412634BE3F008D79BB /* AppDelegate.swift */; };
		B70E24442634BE3F008D79BB /* SceneDelegate.swift in Sources */ = {isa = PBXBuildFile; fileRef = B70E24432634BE3F008D79BB /* SceneDelegate.swift */; };
		B70E24462634BE3F008D79BB /* HomeScreen.swift in Sources */ = {isa = PBXBuildFile; fileRef = B70E24452634BE3F008D79BB /* HomeScreen.swift */; };
		B70E24492634BE3F008D79BB /* Main.storyboard in Resources */ = {isa = PBXBuildFile; fileRef = B70E24472634BE3F008D79BB /* Main.storyboard */; };
		B70E244B2634BE40008D79BB /* Assets.xcassets in Resources */ = {isa = PBXBuildFile; fileRef = B70E244A2634BE40008D79BB /* Assets.xcassets */; };
		B70E244E2634BE40008D79BB /* LaunchScreen.storyboard in Resources */ = {isa = PBXBuildFile; fileRef = B70E244C2634BE40008D79BB /* LaunchScreen.storyboard */; };
		B70E24702634C45D008D79BB /* LoginViewController.swift in Sources */ = {isa = PBXBuildFile; fileRef = B70E246F2634C45D008D79BB /* LoginViewController.swift */; };
		B70E24742634C469008D79BB /* RegistrationViewController.swift in Sources */ = {isa = PBXBuildFile; fileRef = B70E24732634C469008D79BB /* RegistrationViewController.swift */; };
		B70E24772634C483008D79BB /* DatabaseManager.swift in Sources */ = {isa = PBXBuildFile; fileRef = B70E24762634C483008D79BB /* DatabaseManager.swift */; };
		B70E248C263505B1008D79BB /* Extensions.swift in Sources */ = {isa = PBXBuildFile; fileRef = B70E248B263505B1008D79BB /* Extensions.swift */; };
		B70E24AE2637A74C008D79BB /* AlertFunctions.swift in Sources */ = {isa = PBXBuildFile; fileRef = B70E24AD2637A74C008D79BB /* AlertFunctions.swift */; };
		B70E24D5263E565F008D79BB /* GoogleService-Info.plist in Resources */ = {isa = PBXBuildFile; fileRef = B70E24D4263E565F008D79BB /* GoogleService-Info.plist */; };
		B70E24EA264088C5008D79BB /* Structs.swift in Sources */ = {isa = PBXBuildFile; fileRef = B70E24E9264088C5008D79BB /* Structs.swift */; };
		B70E24ED2640C96F008D79BB /* SettingsViewController.swift in Sources */ = {isa = PBXBuildFile; fileRef = B70E24EC2640C96F008D79BB /* SettingsViewController.swift */; };
		B70E25072640F50A008D79BB /* TabBarController.swift in Sources */ = {isa = PBXBuildFile; fileRef = B70E25062640F50A008D79BB /* TabBarController.swift */; };
		B70E251F2641C3A0008D79BB /* HomeScreenTableViewCell.swift in Sources */ = {isa = PBXBuildFile; fileRef = B70E251E2641C3A0008D79BB /* HomeScreenTableViewCell.swift */; };
		B70E25222641DD2F008D79BB /* HomeScreenViewModel.swift in Sources */ = {isa = PBXBuildFile; fileRef = B70E25212641DD2F008D79BB /* HomeScreenViewModel.swift */; };
/* End PBXBuildFile section */

/* Begin PBXFileReference section */
		A1B6DE76E04BE204D5011A19 /* Pods-SecretSantaApp.debug.xcconfig */ = {isa = PBXFileReference; includeInIndex = 1; lastKnownFileType = text.xcconfig; name = "Pods-SecretSantaApp.debug.xcconfig"; path = "Target Support Files/Pods-SecretSantaApp/Pods-SecretSantaApp.debug.xcconfig"; sourceTree = "<group>"; };
		B70E243E2634BE3F008D79BB /* SecretSantaApp.app */ = {isa = PBXFileReference; explicitFileType = wrapper.application; includeInIndex = 0; path = SecretSantaApp.app; sourceTree = BUILT_PRODUCTS_DIR; };
		B70E24412634BE3F008D79BB /* AppDelegate.swift */ = {isa = PBXFileReference; lastKnownFileType = sourcecode.swift; path = AppDelegate.swift; sourceTree = "<group>"; };
		B70E24432634BE3F008D79BB /* SceneDelegate.swift */ = {isa = PBXFileReference; lastKnownFileType = sourcecode.swift; path = SceneDelegate.swift; sourceTree = "<group>"; };
		B70E24452634BE3F008D79BB /* HomeScreen.swift */ = {isa = PBXFileReference; lastKnownFileType = sourcecode.swift; path = HomeScreen.swift; sourceTree = "<group>"; };
		B70E24482634BE3F008D79BB /* Base */ = {isa = PBXFileReference; lastKnownFileType = file.storyboard; name = Base; path = Base.lproj/Main.storyboard; sourceTree = "<group>"; };
		B70E244A2634BE40008D79BB /* Assets.xcassets */ = {isa = PBXFileReference; lastKnownFileType = folder.assetcatalog; path = Assets.xcassets; sourceTree = "<group>"; };
		B70E244D2634BE40008D79BB /* Base */ = {isa = PBXFileReference; lastKnownFileType = file.storyboard; name = Base; path = Base.lproj/LaunchScreen.storyboard; sourceTree = "<group>"; };
		B70E244F2634BE40008D79BB /* Info.plist */ = {isa = PBXFileReference; lastKnownFileType = text.plist.xml; path = Info.plist; sourceTree = "<group>"; };
		B70E246F2634C45D008D79BB /* LoginViewController.swift */ = {isa = PBXFileReference; lastKnownFileType = sourcecode.swift; path = LoginViewController.swift; sourceTree = "<group>"; };
		B70E24732634C469008D79BB /* RegistrationViewController.swift */ = {isa = PBXFileReference; lastKnownFileType = sourcecode.swift; path = RegistrationViewController.swift; sourceTree = "<group>"; };
		B70E24762634C483008D79BB /* DatabaseManager.swift */ = {isa = PBXFileReference; lastKnownFileType = sourcecode.swift; path = DatabaseManager.swift; sourceTree = "<group>"; };
		B70E248B263505B1008D79BB /* Extensions.swift */ = {isa = PBXFileReference; lastKnownFileType = sourcecode.swift; path = Extensions.swift; sourceTree = "<group>"; };
		B70E24AD2637A74C008D79BB /* AlertFunctions.swift */ = {isa = PBXFileReference; lastKnownFileType = sourcecode.swift; path = AlertFunctions.swift; sourceTree = "<group>"; };
		B70E24D4263E565F008D79BB /* GoogleService-Info.plist */ = {isa = PBXFileReference; fileEncoding = 4; lastKnownFileType = text.plist.xml; name = "GoogleService-Info.plist"; path = "../../../../Downloads/GoogleService-Info.plist"; sourceTree = "<group>"; };
		B70E24E9264088C5008D79BB /* Structs.swift */ = {isa = PBXFileReference; lastKnownFileType = sourcecode.swift; path = Structs.swift; sourceTree = "<group>"; };
		B70E24EC2640C96F008D79BB /* SettingsViewController.swift */ = {isa = PBXFileReference; lastKnownFileType = sourcecode.swift; path = SettingsViewController.swift; sourceTree = "<group>"; };
		B70E25062640F50A008D79BB /* TabBarController.swift */ = {isa = PBXFileReference; lastKnownFileType = sourcecode.swift; path = TabBarController.swift; sourceTree = "<group>"; };
		B70E251E2641C3A0008D79BB /* HomeScreenTableViewCell.swift */ = {isa = PBXFileReference; lastKnownFileType = sourcecode.swift; path = HomeScreenTableViewCell.swift; sourceTree = "<group>"; };
		B70E25212641DD2F008D79BB /* HomeScreenViewModel.swift */ = {isa = PBXFileReference; lastKnownFileType = sourcecode.swift; path = HomeScreenViewModel.swift; sourceTree = "<group>"; };
		F747B4FB613B905E2DF12BEB /* Pods-SecretSantaApp.release.xcconfig */ = {isa = PBXFileReference; includeInIndex = 1; lastKnownFileType = text.xcconfig; name = "Pods-SecretSantaApp.release.xcconfig"; path = "Target Support Files/Pods-SecretSantaApp/Pods-SecretSantaApp.release.xcconfig"; sourceTree = "<group>"; };
		F9B87715DB645009E480207F /* Pods_SecretSantaApp.framework */ = {isa = PBXFileReference; explicitFileType = wrapper.framework; includeInIndex = 0; path = Pods_SecretSantaApp.framework; sourceTree = BUILT_PRODUCTS_DIR; };
/* End PBXFileReference section */

/* Begin PBXFrameworksBuildPhase section */
		B70E243B2634BE3F008D79BB /* Frameworks */ = {
			isa = PBXFrameworksBuildPhase;
			buildActionMask = 2147483647;
			files = (
				0874DD17662123F9C6F331FD /* Pods_SecretSantaApp.framework in Frameworks */,
			);
			runOnlyForDeploymentPostprocessing = 0;
		};
/* End PBXFrameworksBuildPhase section */

/* Begin PBXGroup section */
		697172C3806B9D9C2C7101A7 /* Pods */ = {
			isa = PBXGroup;
			children = (
				A1B6DE76E04BE204D5011A19 /* Pods-SecretSantaApp.debug.xcconfig */,
				F747B4FB613B905E2DF12BEB /* Pods-SecretSantaApp.release.xcconfig */,
			);
			path = Pods;
			sourceTree = "<group>";
		};
		9280023A519763E43D9AC428 /* Frameworks */ = {
			isa = PBXGroup;
			children = (
				F9B87715DB645009E480207F /* Pods_SecretSantaApp.framework */,
			);
			name = Frameworks;
			sourceTree = "<group>";
		};
		B70E24352634BE3F008D79BB = {
			isa = PBXGroup;
			children = (
				B70E24402634BE3F008D79BB /* SecretSantaApp */,
				B70E243F2634BE3F008D79BB /* Products */,
				697172C3806B9D9C2C7101A7 /* Pods */,
				9280023A519763E43D9AC428 /* Frameworks */,
			);
			sourceTree = "<group>";
		};
		B70E243F2634BE3F008D79BB /* Products */ = {
			isa = PBXGroup;
			children = (
				B70E243E2634BE3F008D79BB /* SecretSantaApp.app */,
			);
			name = Products;
			sourceTree = "<group>";
		};
		B70E24402634BE3F008D79BB /* SecretSantaApp */ = {
			isa = PBXGroup;
			children = (
				B70E24D4263E565F008D79BB /* GoogleService-Info.plist */,
				B70E246D2634C398008D79BB /* Models */,
				B70E246C2634C38E008D79BB /* Resources */,
				B70E246B2634C385008D79BB /* ViewControllers */,
				B70E24472634BE3F008D79BB /* Main.storyboard */,
				B70E244A2634BE40008D79BB /* Assets.xcassets */,
				B70E244C2634BE40008D79BB /* LaunchScreen.storyboard */,
				B70E244F2634BE40008D79BB /* Info.plist */,
			);
			path = SecretSantaApp;
			sourceTree = "<group>";
		};
		B70E246B2634C385008D79BB /* ViewControllers */ = {
			isa = PBXGroup;
			children = (
				B70E246E2634C3AF008D79BB /* Login-Registration */,
				B70E25062640F50A008D79BB /* TabBarController.swift */,
				B70E24452634BE3F008D79BB /* HomeScreen.swift */,
				B70E24EC2640C96F008D79BB /* SettingsViewController.swift */,
			);
			path = ViewControllers;
			sourceTree = "<group>";
		};
		B70E246C2634C38E008D79BB /* Resources */ = {
			isa = PBXGroup;
			children = (
				B70E24412634BE3F008D79BB /* AppDelegate.swift */,
				B70E24432634BE3F008D79BB /* SceneDelegate.swift */,
				B70E24762634C483008D79BB /* DatabaseManager.swift */,
				B70E248B263505B1008D79BB /* Extensions.swift */,
				B70E24AD2637A74C008D79BB /* AlertFunctions.swift */,
			);
			path = Resources;
			sourceTree = "<group>";
		};
		B70E246D2634C398008D79BB /* Models */ = {
			isa = PBXGroup;
			children = (
				B70E24E9264088C5008D79BB /* Structs.swift */,
				B70E25212641DD2F008D79BB /* HomeScreenViewModel.swift */,
				B70E251E2641C3A0008D79BB /* HomeScreenTableViewCell.swift */,
			);
			path = Models;
			sourceTree = "<group>";
		};
		B70E246E2634C3AF008D79BB /* Login-Registration */ = {
			isa = PBXGroup;
			children = (
				B70E246F2634C45D008D79BB /* LoginViewController.swift */,
				B70E24732634C469008D79BB /* RegistrationViewController.swift */,
			);
			path = "Login-Registration";
			sourceTree = "<group>";
		};
/* End PBXGroup section */

/* Begin PBXNativeTarget section */
		B70E243D2634BE3F008D79BB /* SecretSantaApp */ = {
			isa = PBXNativeTarget;
			buildConfigurationList = B70E24522634BE40008D79BB /* Build configuration list for PBXNativeTarget "SecretSantaApp" */;
			buildPhases = (
				BFD5F4980319D3FAC261BE06 /* [CP] Check Pods Manifest.lock */,
				B70E243A2634BE3F008D79BB /* Sources */,
				B70E243B2634BE3F008D79BB /* Frameworks */,
				B70E243C2634BE3F008D79BB /* Resources */,
				8BE5CC3BFCA879B32770B0A2 /* [CP] Embed Pods Frameworks */,
			);
			buildRules = (
			);
			dependencies = (
			);
			name = SecretSantaApp;
			productName = SecretSantaApp;
			productReference = B70E243E2634BE3F008D79BB /* SecretSantaApp.app */;
			productType = "com.apple.product-type.application";
		};
/* End PBXNativeTarget section */

/* Begin PBXProject section */
		B70E24362634BE3F008D79BB /* Project object */ = {
			isa = PBXProject;
			attributes = {
				LastSwiftUpdateCheck = 1240;
				LastUpgradeCheck = 1240;
				TargetAttributes = {
					B70E243D2634BE3F008D79BB = {
						CreatedOnToolsVersion = 12.4;
					};
				};
			};
			buildConfigurationList = B70E24392634BE3F008D79BB /* Build configuration list for PBXProject "SecretSantaApp" */;
			compatibilityVersion = "Xcode 9.3";
			developmentRegion = en;
			hasScannedForEncodings = 0;
			knownRegions = (
				en,
				Base,
			);
			mainGroup = B70E24352634BE3F008D79BB;
			productRefGroup = B70E243F2634BE3F008D79BB /* Products */;
			projectDirPath = "";
			projectRoot = "";
			targets = (
				B70E243D2634BE3F008D79BB /* SecretSantaApp */,
			);
		};
/* End PBXProject section */

/* Begin PBXResourcesBuildPhase section */
		B70E243C2634BE3F008D79BB /* Resources */ = {
			isa = PBXResourcesBuildPhase;
			buildActionMask = 2147483647;
			files = (
				B70E244E2634BE40008D79BB /* LaunchScreen.storyboard in Resources */,
				B70E24D5263E565F008D79BB /* GoogleService-Info.plist in Resources */,
				B70E244B2634BE40008D79BB /* Assets.xcassets in Resources */,
				B70E24492634BE3F008D79BB /* Main.storyboard in Resources */,
			);
			runOnlyForDeploymentPostprocessing = 0;
		};
/* End PBXResourcesBuildPhase section */

/* Begin PBXShellScriptBuildPhase section */
		8BE5CC3BFCA879B32770B0A2 /* [CP] Embed Pods Frameworks */ = {
			isa = PBXShellScriptBuildPhase;
			buildActionMask = 2147483647;
			files = (
			);
			inputFileListPaths = (
				"${PODS_ROOT}/Target Support Files/Pods-SecretSantaApp/Pods-SecretSantaApp-frameworks-${CONFIGURATION}-input-files.xcfilelist",
			);
			name = "[CP] Embed Pods Frameworks";
			outputFileListPaths = (
				"${PODS_ROOT}/Target Support Files/Pods-SecretSantaApp/Pods-SecretSantaApp-frameworks-${CONFIGURATION}-output-files.xcfilelist",
			);
			runOnlyForDeploymentPostprocessing = 0;
			shellPath = /bin/sh;
			shellScript = "\"${PODS_ROOT}/Target Support Files/Pods-SecretSantaApp/Pods-SecretSantaApp-frameworks.sh\"\n";
			showEnvVarsInLog = 0;
		};
		BFD5F4980319D3FAC261BE06 /* [CP] Check Pods Manifest.lock */ = {
			isa = PBXShellScriptBuildPhase;
			buildActionMask = 2147483647;
			files = (
			);
			inputFileListPaths = (
			);
			inputPaths = (
				"${PODS_PODFILE_DIR_PATH}/Podfile.lock",
				"${PODS_ROOT}/Manifest.lock",
			);
			name = "[CP] Check Pods Manifest.lock";
			outputFileListPaths = (
			);
			outputPaths = (
				"$(DERIVED_FILE_DIR)/Pods-SecretSantaApp-checkManifestLockResult.txt",
			);
			runOnlyForDeploymentPostprocessing = 0;
			shellPath = /bin/sh;
			shellScript = "diff \"${PODS_PODFILE_DIR_PATH}/Podfile.lock\" \"${PODS_ROOT}/Manifest.lock\" > /dev/null\nif [ $? != 0 ] ; then\n    # print error to STDERR\n    echo \"error: The sandbox is not in sync with the Podfile.lock. Run 'pod install' or update your CocoaPods installation.\" >&2\n    exit 1\nfi\n# This output is used by Xcode 'outputs' to avoid re-running this script phase.\necho \"SUCCESS\" > \"${SCRIPT_OUTPUT_FILE_0}\"\n";
			showEnvVarsInLog = 0;
		};
/* End PBXShellScriptBuildPhase section */

/* Begin PBXSourcesBuildPhase section */
		B70E243A2634BE3F008D79BB /* Sources */ = {
			isa = PBXSourcesBuildPhase;
			buildActionMask = 2147483647;
			files = (
				B70E251F2641C3A0008D79BB /* HomeScreenTableViewCell.swift in Sources */,
				B70E24EA264088C5008D79BB /* Structs.swift in Sources */,
				B70E24AE2637A74C008D79BB /* AlertFunctions.swift in Sources */,
				B70E25072640F50A008D79BB /* TabBarController.swift in Sources */,
				B70E24ED2640C96F008D79BB /* SettingsViewController.swift in Sources */,
				B70E24702634C45D008D79BB /* LoginViewController.swift in Sources */,
				B70E24462634BE3F008D79BB /* HomeScreen.swift in Sources */,
				B70E24772634C483008D79BB /* DatabaseManager.swift in Sources */,
				B70E24422634BE3F008D79BB /* AppDelegate.swift in Sources */,
				B70E25222641DD2F008D79BB /* HomeScreenViewModel.swift in Sources */,
				B70E24442634BE3F008D79BB /* SceneDelegate.swift in Sources */,
				B70E24742634C469008D79BB /* RegistrationViewController.swift in Sources */,
				B70E248C263505B1008D79BB /* Extensions.swift in Sources */,
			);
			runOnlyForDeploymentPostprocessing = 0;
		};
/* End PBXSourcesBuildPhase section */

/* Begin PBXVariantGroup section */
		B70E24472634BE3F008D79BB /* Main.storyboard */ = {
			isa = PBXVariantGroup;
			children = (
				B70E24482634BE3F008D79BB /* Base */,
			);
			name = Main.storyboard;
			sourceTree = "<group>";
		};
		B70E244C2634BE40008D79BB /* LaunchScreen.storyboard */ = {
			isa = PBXVariantGroup;
			children = (
				B70E244D2634BE40008D79BB /* Base */,
			);
			name = LaunchScreen.storyboard;
			sourceTree = "<group>";
		};
/* End PBXVariantGroup section */

/* Begin XCBuildConfiguration section */
		B70E24502634BE40008D79BB /* Debug */ = {
			isa = XCBuildConfiguration;
			buildSettings = {
				ALWAYS_SEARCH_USER_PATHS = NO;
				CLANG_ANALYZER_NONNULL = YES;
				CLANG_ANALYZER_NUMBER_OBJECT_CONVERSION = YES_AGGRESSIVE;
				CLANG_CXX_LANGUAGE_STANDARD = "gnu++14";
				CLANG_CXX_LIBRARY = "libc++";
				CLANG_ENABLE_MODULES = YES;
				CLANG_ENABLE_OBJC_ARC = YES;
				CLANG_ENABLE_OBJC_WEAK = YES;
				CLANG_WARN_BLOCK_CAPTURE_AUTORELEASING = YES;
				CLANG_WARN_BOOL_CONVERSION = YES;
				CLANG_WARN_COMMA = YES;
				CLANG_WARN_CONSTANT_CONVERSION = YES;
				CLANG_WARN_DEPRECATED_OBJC_IMPLEMENTATIONS = YES;
				CLANG_WARN_DIRECT_OBJC_ISA_USAGE = YES_ERROR;
				CLANG_WARN_DOCUMENTATION_COMMENTS = YES;
				CLANG_WARN_EMPTY_BODY = YES;
				CLANG_WARN_ENUM_CONVERSION = YES;
				CLANG_WARN_INFINITE_RECURSION = YES;
				CLANG_WARN_INT_CONVERSION = YES;
				CLANG_WARN_NON_LITERAL_NULL_CONVERSION = YES;
				CLANG_WARN_OBJC_IMPLICIT_RETAIN_SELF = YES;
				CLANG_WARN_OBJC_LITERAL_CONVERSION = YES;
				CLANG_WARN_OBJC_ROOT_CLASS = YES_ERROR;
				CLANG_WARN_QUOTED_INCLUDE_IN_FRAMEWORK_HEADER = YES;
				CLANG_WARN_RANGE_LOOP_ANALYSIS = YES;
				CLANG_WARN_STRICT_PROTOTYPES = YES;
				CLANG_WARN_SUSPICIOUS_MOVE = YES;
				CLANG_WARN_UNGUARDED_AVAILABILITY = YES_AGGRESSIVE;
				CLANG_WARN_UNREACHABLE_CODE = YES;
				CLANG_WARN__DUPLICATE_METHOD_MATCH = YES;
				COPY_PHASE_STRIP = NO;
				DEBUG_INFORMATION_FORMAT = dwarf;
				ENABLE_STRICT_OBJC_MSGSEND = YES;
				ENABLE_TESTABILITY = YES;
				GCC_C_LANGUAGE_STANDARD = gnu11;
				GCC_DYNAMIC_NO_PIC = NO;
				GCC_NO_COMMON_BLOCKS = YES;
				GCC_OPTIMIZATION_LEVEL = 0;
				GCC_PREPROCESSOR_DEFINITIONS = (
					"DEBUG=1",
					"$(inherited)",
				);
				GCC_WARN_64_TO_32_BIT_CONVERSION = YES;
				GCC_WARN_ABOUT_RETURN_TYPE = YES_ERROR;
				GCC_WARN_UNDECLARED_SELECTOR = YES;
				GCC_WARN_UNINITIALIZED_AUTOS = YES_AGGRESSIVE;
				GCC_WARN_UNUSED_FUNCTION = YES;
				GCC_WARN_UNUSED_VARIABLE = YES;
				IPHONEOS_DEPLOYMENT_TARGET = 14.4;
				MTL_ENABLE_DEBUG_INFO = INCLUDE_SOURCE;
				MTL_FAST_MATH = YES;
				ONLY_ACTIVE_ARCH = YES;
				SDKROOT = iphoneos;
				SWIFT_ACTIVE_COMPILATION_CONDITIONS = DEBUG;
				SWIFT_OPTIMIZATION_LEVEL = "-Onone";
			};
			name = Debug;
		};
		B70E24512634BE40008D79BB /* Release */ = {
			isa = XCBuildConfiguration;
			buildSettings = {
				ALWAYS_SEARCH_USER_PATHS = NO;
				CLANG_ANALYZER_NONNULL = YES;
				CLANG_ANALYZER_NUMBER_OBJECT_CONVERSION = YES_AGGRESSIVE;
				CLANG_CXX_LANGUAGE_STANDARD = "gnu++14";
				CLANG_CXX_LIBRARY = "libc++";
				CLANG_ENABLE_MODULES = YES;
				CLANG_ENABLE_OBJC_ARC = YES;
				CLANG_ENABLE_OBJC_WEAK = YES;
				CLANG_WARN_BLOCK_CAPTURE_AUTORELEASING = YES;
				CLANG_WARN_BOOL_CONVERSION = YES;
				CLANG_WARN_COMMA = YES;
				CLANG_WARN_CONSTANT_CONVERSION = YES;
				CLANG_WARN_DEPRECATED_OBJC_IMPLEMENTATIONS = YES;
				CLANG_WARN_DIRECT_OBJC_ISA_USAGE = YES_ERROR;
				CLANG_WARN_DOCUMENTATION_COMMENTS = YES;
				CLANG_WARN_EMPTY_BODY = YES;
				CLANG_WARN_ENUM_CONVERSION = YES;
				CLANG_WARN_INFINITE_RECURSION = YES;
				CLANG_WARN_INT_CONVERSION = YES;
				CLANG_WARN_NON_LITERAL_NULL_CONVERSION = YES;
				CLANG_WARN_OBJC_IMPLICIT_RETAIN_SELF = YES;
				CLANG_WARN_OBJC_LITERAL_CONVERSION = YES;
				CLANG_WARN_OBJC_ROOT_CLASS = YES_ERROR;
				CLANG_WARN_QUOTED_INCLUDE_IN_FRAMEWORK_HEADER = YES;
				CLANG_WARN_RANGE_LOOP_ANALYSIS = YES;
				CLANG_WARN_STRICT_PROTOTYPES = YES;
				CLANG_WARN_SUSPICIOUS_MOVE = YES;
				CLANG_WARN_UNGUARDED_AVAILABILITY = YES_AGGRESSIVE;
				CLANG_WARN_UNREACHABLE_CODE = YES;
				CLANG_WARN__DUPLICATE_METHOD_MATCH = YES;
				COPY_PHASE_STRIP = NO;
				DEBUG_INFORMATION_FORMAT = "dwarf-with-dsym";
				ENABLE_NS_ASSERTIONS = NO;
				ENABLE_STRICT_OBJC_MSGSEND = YES;
				GCC_C_LANGUAGE_STANDARD = gnu11;
				GCC_NO_COMMON_BLOCKS = YES;
				GCC_WARN_64_TO_32_BIT_CONVERSION = YES;
				GCC_WARN_ABOUT_RETURN_TYPE = YES_ERROR;
				GCC_WARN_UNDECLARED_SELECTOR = YES;
				GCC_WARN_UNINITIALIZED_AUTOS = YES_AGGRESSIVE;
				GCC_WARN_UNUSED_FUNCTION = YES;
				GCC_WARN_UNUSED_VARIABLE = YES;
				IPHONEOS_DEPLOYMENT_TARGET = 14.4;
				MTL_ENABLE_DEBUG_INFO = NO;
				MTL_FAST_MATH = YES;
				SDKROOT = iphoneos;
				SWIFT_COMPILATION_MODE = wholemodule;
				SWIFT_OPTIMIZATION_LEVEL = "-O";
				VALIDATE_PRODUCT = YES;
			};
			name = Release;
		};
		B70E24532634BE40008D79BB /* Debug */ = {
			isa = XCBuildConfiguration;
			baseConfigurationReference = A1B6DE76E04BE204D5011A19 /* Pods-SecretSantaApp.debug.xcconfig */;
			buildSettings = {
				ASSETCATALOG_COMPILER_APPICON_NAME = AppIcon;
				ASSETCATALOG_COMPILER_GLOBAL_ACCENT_COLOR_NAME = AccentColor;
				CODE_SIGN_STYLE = Automatic;
				DEVELOPMENT_TEAM = B8H5489DU2;
				INFOPLIST_FILE = SecretSantaApp/Info.plist;
				LD_RUNPATH_SEARCH_PATHS = (
					"$(inherited)",
					"@executable_path/Frameworks",
				);
				PRODUCT_BUNDLE_IDENTIFIER = DD.SecretSantaApp;
				PRODUCT_NAME = "$(TARGET_NAME)";
				SWIFT_VERSION = 5.0;
				TARGETED_DEVICE_FAMILY = "1,2";
			};
			name = Debug;
		};
		B70E24542634BE40008D79BB /* Release */ = {
			isa = XCBuildConfiguration;
			baseConfigurationReference = F747B4FB613B905E2DF12BEB /* Pods-SecretSantaApp.release.xcconfig */;
			buildSettings = {
				ASSETCATALOG_COMPILER_APPICON_NAME = AppIcon;
				ASSETCATALOG_COMPILER_GLOBAL_ACCENT_COLOR_NAME = AccentColor;
				CODE_SIGN_STYLE = Automatic;
				DEVELOPMENT_TEAM = B8H5489DU2;
				INFOPLIST_FILE = SecretSantaApp/Info.plist;
				LD_RUNPATH_SEARCH_PATHS = (
					"$(inherited)",
					"@executable_path/Frameworks",
				);
				PRODUCT_BUNDLE_IDENTIFIER = DD.SecretSantaApp;
				PRODUCT_NAME = "$(TARGET_NAME)";
				SWIFT_VERSION = 5.0;
				TARGETED_DEVICE_FAMILY = "1,2";
			};
			name = Release;
		};
/* End XCBuildConfiguration section */

/* Begin XCConfigurationList section */
		B70E24392634BE3F008D79BB /* Build configuration list for PBXProject "SecretSantaApp" */ = {
			isa = XCConfigurationList;
			buildConfigurations = (
				B70E24502634BE40008D79BB /* Debug */,
				B70E24512634BE40008D79BB /* Release */,
			);
			defaultConfigurationIsVisible = 0;
			defaultConfigurationName = Release;
		};
		B70E24522634BE40008D79BB /* Build configuration list for PBXNativeTarget "SecretSantaApp" */ = {
			isa = XCConfigurationList;
			buildConfigurations = (
				B70E24532634BE40008D79BB /* Debug */,
				B70E24542634BE40008D79BB /* Release */,
			);
			defaultConfigurationIsVisible = 0;
			defaultConfigurationName = Release;
		};
/* End XCConfigurationList section */
	};
	rootObject = B70E24362634BE3F008D79BB /* Project object */;
}
